
Microsoft Visual Studio Solution File, Format Version 12.00
# Visual Studio Version 17
VisualStudioVersion = 17.1.32328.378
MinimumVisualStudioVersion = 10.0.40219.1
Project("{9A19103F-16F7-4668-BE54-9A1E7A4F7556}") = "DDD.Foundations", "DDD.Foundations\DDD.Foundations.csproj", "{E6A12DCF-A270-4913-ADE7-202D969E0B9E}"
EndProject
Project("{9A19103F-16F7-4668-BE54-9A1E7A4F7556}") = "DDD.Foundations.Tests", "DDD.Foundations.Tests\DDD.Foundations.Tests.csproj", "{ACE13101-FF0C-4364-AFFB-108A1248D715}"
EndProject
Project("{9A19103F-16F7-4668-BE54-9A1E7A4F7556}") = "DDD.Primitives", "DDD.Primitives\DDD.Primitives.csproj", "{91A479DC-ECE0-406A-AEC9-2EA2EC60E5AB}"
EndProject
Project("{9A19103F-16F7-4668-BE54-9A1E7A4F7556}") = "DDD.Primitives.Tests", "DDD.Primitives.Tests\DDD.Primitives.Tests.csproj", "{ABBE661C-D04E-4FA3-A25D-23527AB36253}"
EndProject
Project("{9A19103F-16F7-4668-BE54-9A1E7A4F7556}") = "ConsoleApp1", "ConsoleApp1\ConsoleApp1.csproj", "{9AEA7616-825E-4320-9D00-270C63940F47}"
EndProject
Project("{9A19103F-16F7-4668-BE54-9A1E7A4F7556}") = "DDD.Examples", "DDD.Examples\DDD.Examples.csproj", "{BCC47345-7A27-4C74-BE27-63A33CB76A85}"
EndProject
Project("{FAE04EC0-301F-11D3-BF4B-00C04F79EFBC}") = "DDD.Examples.Baggage", "DDD.Examples.Baggage\DDD.Examples.Baggage.csproj", "{E21DBA4F-EC2C-49CA-B322-2CA265116FF6}"
EndProject
Project("{FAE04EC0-301F-11D3-BF4B-00C04F79EFBC}") = "DDD.Examples.Baggage.Test", "DDD.Examples.Baggage.Test\DDD.Examples.Baggage.Test.csproj", "{C7E0FC2C-51FF-4CD4-9D7D-953D4195D80A}"
EndProject
Global
	GlobalSection(SolutionConfigurationPlatforms) = preSolution
		Debug|Any CPU = Debug|Any CPU
		Release|Any CPU = Release|Any CPU
	EndGlobalSection
	GlobalSection(ProjectConfigurationPlatforms) = postSolution
		{E6A12DCF-A270-4913-ADE7-202D969E0B9E}.Debug|Any CPU.ActiveCfg = Debug|Any CPU
		{E6A12DCF-A270-4913-ADE7-202D969E0B9E}.Debug|Any CPU.Build.0 = Debug|Any CPU
		{E6A12DCF-A270-4913-ADE7-202D969E0B9E}.Release|Any CPU.ActiveCfg = Release|Any CPU
		{E6A12DCF-A270-4913-ADE7-202D969E0B9E}.Release|Any CPU.Build.0 = Release|Any CPU
		{ACE13101-FF0C-4364-AFFB-108A1248D715}.Debug|Any CPU.ActiveCfg = Debug|Any CPU
		{ACE13101-FF0C-4364-AFFB-108A1248D715}.Debug|Any CPU.Build.0 = Debug|Any CPU
		{ACE13101-FF0C-4364-AFFB-108A1248D715}.Release|Any CPU.ActiveCfg = Release|Any CPU
		{ACE13101-FF0C-4364-AFFB-108A1248D715}.Release|Any CPU.Build.0 = Release|Any CPU
		{91A479DC-ECE0-406A-AEC9-2EA2EC60E5AB}.Debug|Any CPU.ActiveCfg = Debug|Any CPU
		{91A479DC-ECE0-406A-AEC9-2EA2EC60E5AB}.Debug|Any CPU.Build.0 = Debug|Any CPU
		{91A479DC-ECE0-406A-AEC9-2EA2EC60E5AB}.Release|Any CPU.ActiveCfg = Release|Any CPU
		{91A479DC-ECE0-406A-AEC9-2EA2EC60E5AB}.Release|Any CPU.Build.0 = Release|Any CPU
		{ABBE661C-D04E-4FA3-A25D-23527AB36253}.Debug|Any CPU.ActiveCfg = Debug|Any CPU
		{ABBE661C-D04E-4FA3-A25D-23527AB36253}.Debug|Any CPU.Build.0 = Debug|Any CPU
		{ABBE661C-D04E-4FA3-A25D-23527AB36253}.Release|Any CPU.ActiveCfg = Release|Any CPU
		{ABBE661C-D04E-4FA3-A25D-23527AB36253}.Release|Any CPU.Build.0 = Release|Any CPU
		{9AEA7616-825E-4320-9D00-270C63940F47}.Debug|Any CPU.ActiveCfg = Debug|Any CPU
		{9AEA7616-825E-4320-9D00-270C63940F47}.Debug|Any CPU.Build.0 = Debug|Any CPU
		{9AEA7616-825E-4320-9D00-270C63940F47}.Release|Any CPU.ActiveCfg = Release|Any CPU
		{9AEA7616-825E-4320-9D00-270C63940F47}.Release|Any CPU.Build.0 = Release|Any CPU
		{BCC47345-7A27-4C74-BE27-63A33CB76A85}.Debug|Any CPU.ActiveCfg = Debug|Any CPU
		{BCC47345-7A27-4C74-BE27-63A33CB76A85}.Debug|Any CPU.Build.0 = Debug|Any CPU
		{BCC47345-7A27-4C74-BE27-63A33CB76A85}.Release|Any CPU.ActiveCfg = Release|Any CPU
		{BCC47345-7A27-4C74-BE27-63A33CB76A85}.Release|Any CPU.Build.0 = Release|Any CPU
		{E21DBA4F-EC2C-49CA-B322-2CA265116FF6}.Debug|Any CPU.ActiveCfg = Debug|Any CPU
		{E21DBA4F-EC2C-49CA-B322-2CA265116FF6}.Debug|Any CPU.Build.0 = Debug|Any CPU
		{E21DBA4F-EC2C-49CA-B322-2CA265116FF6}.Release|Any CPU.ActiveCfg = Release|Any CPU
		{E21DBA4F-EC2C-49CA-B322-2CA265116FF6}.Release|Any CPU.Build.0 = Release|Any CPU
		{C7E0FC2C-51FF-4CD4-9D7D-953D4195D80A}.Debug|Any CPU.ActiveCfg = Debug|Any CPU
		{C7E0FC2C-51FF-4CD4-9D7D-953D4195D80A}.Debug|Any CPU.Build.0 = Debug|Any CPU
		{C7E0FC2C-51FF-4CD4-9D7D-953D4195D80A}.Release|Any CPU.ActiveCfg = Release|Any CPU
		{C7E0FC2C-51FF-4CD4-9D7D-953D4195D80A}.Release|Any CPU.Build.0 = Release|Any CPU
	EndGlobalSection
	GlobalSection(SolutionProperties) = preSolution
		HideSolutionNode = FALSE
	EndGlobalSection
	GlobalSection(ExtensibilityGlobals) = postSolution
		SolutionGuid = {7208EF1F-1358-4928-B2E4-B7A87524A153}
	EndGlobalSection
EndGlobal
